{
  "version": "5",
  "redirects": {
    "https://esm.sh/@supabase/phoenix@^0.4.2?target=denonext": "https://esm.sh/@supabase/phoenix@0.4.2?target=denonext",
    "https://esm.sh/@supabase/supabase-js@2": "https://esm.sh/@supabase/supabase-js@2.105.4",
    "https://esm.sh/iceberg-js@^0.8.1?target=denonext": "https://esm.sh/iceberg-js@0.8.1?target=denonext"
  },
  "remote": {
    "https://esm.sh/@supabase/auth-js@2.105.4/denonext/auth-js.mjs": "ff69bc872cbb2470390e5997a794a2cc41814666145610d46dc5151a4520cec7",
    "https://esm.sh/@supabase/functions-js@2.105.4/denonext/functions-js.mjs": "8f2223b4fe1b213fa5c1926767bc43cfedc13a3734cf49bf5e4a31ecd49b7cc9",
    "https://esm.sh/@supabase/phoenix@0.4.2/denonext/phoenix.mjs": "8099a9b1277ec1776f0d0ae15e35be72b87b541a3f787b5477a11b546c8d62a9",
    "https://esm.sh/@supabase/phoenix@0.4.2?target=denonext": "0790ada96f524af71c1af9a3f01b5517bd6e90e9e7e22e4c5436b92bc1534e8d",
    "https://esm.sh/@supabase/postgrest-js@2.105.4/denonext/postgrest-js.mjs": "38eac18fd51eb1e065e0f0465fa26ac035f1f4e7c545cc2434d8829294093623",
    "https://esm.sh/@supabase/realtime-js@2.105.4/denonext/realtime-js.mjs": "931d767e9ae6f2f4c77fd08faea699720ff418748da39abc129d301bd88897b9",
    "https://esm.sh/@supabase/storage-js@2.105.4/denonext/storage-js.mjs": "5bcb6fa2cc47c5bbdd6a1ad30c5ff5445307f89fb93f3663acedad705b02296a",
    "https://esm.sh/@supabase/supabase-js@2.105.4": "92cda3ff3af2e241766bc1d53b87167b4d6376d43a0e2f31ddcd6d41a58d09f9",
    "https://esm.sh/@supabase/supabase-js@2.105.4/denonext/supabase-js.mjs": "f048c36d8971b6a89c2d277f3fdf7f2853ce6d0b9aadb5f6fbccbb67276353d8",
    "https://esm.sh/iceberg-js@0.8.1/denonext/iceberg-js.mjs": "d839d81a2e3966500ca2cdd0c1cb458e9608bacfc91f7bb67a69b2e878dcdb4f",
    "https://esm.sh/iceberg-js@0.8.1?target=denonext": "58c849d7fe2bf4eca4a84eb501e83c161a7d8c34ca1bec15a962b3bec3062633",
    "https://esm.sh/tslib@2.8.1/denonext/tslib.mjs": "c38da5dd6da6281964435002ce204cd586634fe3bdfb24a0ee116f48cf3292e9"
  },
  "workspace": {
    "packageJson": {
      "dependencies": [
        "npm:@capacitor/android@^8.3.1",
        "npm:@capacitor/app@^8.1.0",
        "npm:@capacitor/assets@^3.0.5",
        "npm:@capacitor/cli@^8.3.1",
        "npm:@capacitor/core@^8.3.1",
        "npm:@capacitor/keyboard@^8.0.3",
        "npm:@eslint/js@^9.39.4",
        "npm:@supabase/supabase-js@^2.102.0",
        "npm:@tailwindcss/vite@^4.2.2",
        "npm:@tanstack/react-query@^5.90.21",
        "npm:@types/react-dom@^19.2.3",
        "npm:@types/react@^19.2.14",
        "npm:@vitejs/plugin-react@6",
        "npm:axios@^1.13.6",
        "npm:clsx@^2.1.1",
        "npm:eslint-plugin-react-hooks@^7.0.1",
        "npm:eslint-plugin-react-refresh@~0.5.2",
        "npm:eslint@^9.39.4",
        "npm:framer-motion@^12.38.0",
        "npm:globals@^17.4.0",
        "npm:lucide-react@0.577",
        "npm:phaser3-rex-plugins@^1.80.20",
        "npm:phaser@^3.90.0",
        "npm:react-dom@^19.2.4",
        "npm:react-hot-toast@^2.6.0",
        "npm:react-router-dom@^7.13.2",
        "npm:react@^19.2.4",
        "npm:tailwind-merge@^3.5.0",
        "npm:tailwindcss@^4.2.2",
        "npm:vite@8",
        "npm:zustand@^5.0.11"
      ]
    }
  }
}